
Microsoft Visual Studio Solution File, Format Version 12.00
# Visual Studio 15
VisualStudioVersion = 15.0.27428.2027
MinimumVisualStudioVersion = 10.0.40219.1
Project("{2150E333-8FDC-42A3-9474-1A3956D46DE8}") = ".paket", ".paket", "{CC6AF470-C9F2-4645-B696-99A9F29D49B8}"
	ProjectSection(SolutionItems) = preProject
		packet.template = packet.template
		paket.dependencies = paket.dependencies
		paket.lock = paket.lock
	EndProjectSection
EndProject
Project("{FAE04EC0-301F-11D3-BF4B-00C04F79EFBC}") = "NConfiguration.Net45.Tests", "NConfiguration.Tests\NConfiguration.Net45.Tests.csproj", "{7DC99CFF-DEAC-4D53-B96F-37C1D2A33C8E}"
EndProject
Project("{9A19103F-16F7-4668-BE54-9A1E7A4F7556}") = "NConfiguration", "NConfiguration\NConfiguration.csproj", "{63EFA1FC-3379-43D7-8EC7-9D83D3F10212}"
EndProject
Project("{9A19103F-16F7-4668-BE54-9A1E7A4F7556}") = "RsaToolkit", "RsaToolkit\RsaToolkit.csproj", "{85CCEE45-85C2-4E9C-957C-B7E637824BB1}"
EndProject
Project("{9A19103F-16F7-4668-BE54-9A1E7A4F7556}") = "RsaToolkit.Tests", "RsaToolkit.Tests\RsaToolkit.Tests.csproj", "{23E5F216-ED30-48CC-90F3-92424C6859C0}"
EndProject
Global
	GlobalSection(SolutionConfigurationPlatforms) = preSolution
		Debug|Any CPU = Debug|Any CPU
		Release|Any CPU = Release|Any CPU
	EndGlobalSection
	GlobalSection(ProjectConfigurationPlatforms) = postSolution
		{7DC99CFF-DEAC-4D53-B96F-37C1D2A33C8E}.Debug|Any CPU.ActiveCfg = Debug|Any CPU
		{7DC99CFF-DEAC-4D53-B96F-37C1D2A33C8E}.Debug|Any CPU.Build.0 = Debug|Any CPU
		{7DC99CFF-DEAC-4D53-B96F-37C1D2A33C8E}.Release|Any CPU.ActiveCfg = Release|Any CPU
		{7DC99CFF-DEAC-4D53-B96F-37C1D2A33C8E}.Release|Any CPU.Build.0 = Release|Any CPU
		{63EFA1FC-3379-43D7-8EC7-9D83D3F10212}.Debug|Any CPU.ActiveCfg = Debug|Any CPU
		{63EFA1FC-3379-43D7-8EC7-9D83D3F10212}.Debug|Any CPU.Build.0 = Debug|Any CPU
		{63EFA1FC-3379-43D7-8EC7-9D83D3F10212}.Release|Any CPU.ActiveCfg = Release|Any CPU
		{63EFA1FC-3379-43D7-8EC7-9D83D3F10212}.Release|Any CPU.Build.0 = Release|Any CPU
		{85CCEE45-85C2-4E9C-957C-B7E637824BB1}.Debug|Any CPU.ActiveCfg = Debug|Any CPU
		{85CCEE45-85C2-4E9C-957C-B7E637824BB1}.Debug|Any CPU.Build.0 = Debug|Any CPU
		{85CCEE45-85C2-4E9C-957C-B7E637824BB1}.Release|Any CPU.ActiveCfg = Release|Any CPU
		{85CCEE45-85C2-4E9C-957C-B7E637824BB1}.Release|Any CPU.Build.0 = Release|Any CPU
		{23E5F216-ED30-48CC-90F3-92424C6859C0}.Debug|Any CPU.ActiveCfg = Debug|Any CPU
		{23E5F216-ED30-48CC-90F3-92424C6859C0}.Debug|Any CPU.Build.0 = Debug|Any CPU
		{23E5F216-ED30-48CC-90F3-92424C6859C0}.Release|Any CPU.ActiveCfg = Release|Any CPU
		{23E5F216-ED30-48CC-90F3-92424C6859C0}.Release|Any CPU.Build.0 = Release|Any CPU
	EndGlobalSection
	GlobalSection(SolutionProperties) = preSolution
		HideSolutionNode = FALSE
	EndGlobalSection
	GlobalSection(ExtensibilityGlobals) = postSolution
		SolutionGuid = {3EF631C8-87BD-49DD-B96D-9E91BF03781D}
	EndGlobalSection
	GlobalSection(MonoDevelopProperties) = preSolution
		StartupItem = Configuration\Configuration.csproj
	EndGlobalSection
EndGlobal
