
Microsoft Visual Studio Solution File, Format Version 12.00
# Visual Studio 2013
VisualStudioVersion = 12.0.31101.0
MinimumVisualStudioVersion = 10.0.40219.1
Project("{FAE04EC0-301F-11D3-BF4B-00C04F79EFBC}") = "NConfiguration", "NConfiguration\NConfiguration.csproj", "{0FB12DA2-A8BD-4BF7-8507-9ECA5771FD3B}"
EndProject
Project("{FAE04EC0-301F-11D3-BF4B-00C04F79EFBC}") = "NConfiguration.Tests", "NConfiguration.Tests\NConfiguration.Tests.csproj", "{7DC99CFF-DEAC-4D53-B96F-37C1D2A33C8E}"
EndProject
Project("{FAE04EC0-301F-11D3-BF4B-00C04F79EFBC}") = "RsaToolkit", "RsaToolkit\RsaToolkit.csproj", "{CDD0A752-AAFC-4D9B-99A2-A23E50A62892}"
EndProject
Project("{FAE04EC0-301F-11D3-BF4B-00C04F79EFBC}") = "RsaToolkit.Tests", "RsaToolkit.Tests\RsaToolkit.Tests.csproj", "{1562BCA2-3F11-4577-A0BB-F0ED58A73B74}"
EndProject
Project("{2150E333-8FDC-42A3-9474-1A3956D46DE8}") = ".nuget", ".nuget", "{80ADFBB2-B6A4-4C64-B16E-C73DB58F22B2}"
	ProjectSection(SolutionItems) = preProject
		.nuget\packages.config = .nuget\packages.config
	EndProjectSection
EndProject
Global
	GlobalSection(SolutionConfigurationPlatforms) = preSolution
		Debug|Any CPU = Debug|Any CPU
		Release|Any CPU = Release|Any CPU
	EndGlobalSection
	GlobalSection(ProjectConfigurationPlatforms) = postSolution
		{0FB12DA2-A8BD-4BF7-8507-9ECA5771FD3B}.Debug|Any CPU.ActiveCfg = Debug|Any CPU
		{0FB12DA2-A8BD-4BF7-8507-9ECA5771FD3B}.Debug|Any CPU.Build.0 = Debug|Any CPU
		{0FB12DA2-A8BD-4BF7-8507-9ECA5771FD3B}.Release|Any CPU.ActiveCfg = Release|Any CPU
		{0FB12DA2-A8BD-4BF7-8507-9ECA5771FD3B}.Release|Any CPU.Build.0 = Release|Any CPU
		{7DC99CFF-DEAC-4D53-B96F-37C1D2A33C8E}.Debug|Any CPU.ActiveCfg = Debug|Any CPU
		{7DC99CFF-DEAC-4D53-B96F-37C1D2A33C8E}.Debug|Any CPU.Build.0 = Debug|Any CPU
		{7DC99CFF-DEAC-4D53-B96F-37C1D2A33C8E}.Release|Any CPU.ActiveCfg = Release|Any CPU
		{7DC99CFF-DEAC-4D53-B96F-37C1D2A33C8E}.Release|Any CPU.Build.0 = Release|Any CPU
		{CDD0A752-AAFC-4D9B-99A2-A23E50A62892}.Debug|Any CPU.ActiveCfg = Debug|Any CPU
		{CDD0A752-AAFC-4D9B-99A2-A23E50A62892}.Debug|Any CPU.Build.0 = Debug|Any CPU
		{CDD0A752-AAFC-4D9B-99A2-A23E50A62892}.Release|Any CPU.ActiveCfg = Release|Any CPU
		{CDD0A752-AAFC-4D9B-99A2-A23E50A62892}.Release|Any CPU.Build.0 = Release|Any CPU
		{1562BCA2-3F11-4577-A0BB-F0ED58A73B74}.Debug|Any CPU.ActiveCfg = Debug|Any CPU
		{1562BCA2-3F11-4577-A0BB-F0ED58A73B74}.Debug|Any CPU.Build.0 = Debug|Any CPU
		{1562BCA2-3F11-4577-A0BB-F0ED58A73B74}.Release|Any CPU.ActiveCfg = Release|Any CPU
		{1562BCA2-3F11-4577-A0BB-F0ED58A73B74}.Release|Any CPU.Build.0 = Release|Any CPU
	EndGlobalSection
	GlobalSection(SolutionProperties) = preSolution
		HideSolutionNode = FALSE
	EndGlobalSection
	GlobalSection(MonoDevelopProperties) = preSolution
		StartupItem = Configuration\Configuration.csproj
	EndGlobalSection
EndGlobal
